
Microsoft Visual Studio Solution File, Format Version 12.00
# Visual Studio Version 17
VisualStudioVersion = 17.11.35219.272
MinimumVisualStudioVersion = 10.0.40219.1
Project("{FAE04EC0-301F-11D3-BF4B-00C04F79EFBC}") = "Core", "Core\Core.csproj", "{AC0660A5-10E7-452A-8B4D-0306DC801F15}"
EndProject
Project("{FAE04EC0-301F-11D3-BF4B-00C04F79EFBC}") = "Infra", "Infra\Infra.csproj", "{AA6A4398-F002-4B87-96E1-0D83E69F7BE9}"
EndProject
Project("{FAE04EC0-301F-11D3-BF4B-00C04F79EFBC}") = "Web", "Web\Web.csproj", "{F793077B-ECA9-4F10-B14E-D7AEBAF81236}"
EndProject
Global
	GlobalSection(SolutionConfigurationPlatforms) = preSolution
		Debug|Any CPU = Debug|Any CPU
		Release|Any CPU = Release|Any CPU
	EndGlobalSection
	GlobalSection(ProjectConfigurationPlatforms) = postSolution
		{AC0660A5-10E7-452A-8B4D-0306DC801F15}.Debug|Any CPU.ActiveCfg = Debug|Any CPU
		{AC0660A5-10E7-452A-8B4D-0306DC801F15}.Debug|Any CPU.Build.0 = Debug|Any CPU
		{AC0660A5-10E7-452A-8B4D-0306DC801F15}.Release|Any CPU.ActiveCfg = Release|Any CPU
		{AC0660A5-10E7-452A-8B4D-0306DC801F15}.Release|Any CPU.Build.0 = Release|Any CPU
		{AA6A4398-F002-4B87-96E1-0D83E69F7BE9}.Debug|Any CPU.ActiveCfg = Debug|Any CPU
		{AA6A4398-F002-4B87-96E1-0D83E69F7BE9}.Debug|Any CPU.Build.0 = Debug|Any CPU
		{AA6A4398-F002-4B87-96E1-0D83E69F7BE9}.Release|Any CPU.ActiveCfg = Release|Any CPU
		{AA6A4398-F002-4B87-96E1-0D83E69F7BE9}.Release|Any CPU.Build.0 = Release|Any CPU
		{F793077B-ECA9-4F10-B14E-D7AEBAF81236}.Debug|Any CPU.ActiveCfg = Debug|Any CPU
		{F793077B-ECA9-4F10-B14E-D7AEBAF81236}.Debug|Any CPU.Build.0 = Debug|Any CPU
		{F793077B-ECA9-4F10-B14E-D7AEBAF81236}.Release|Any CPU.ActiveCfg = Release|Any CPU
		{F793077B-ECA9-4F10-B14E-D7AEBAF81236}.Release|Any CPU.Build.0 = Release|Any CPU
	EndGlobalSection
	GlobalSection(SolutionProperties) = preSolution
		HideSolutionNode = FALSE
	EndGlobalSection
	GlobalSection(ExtensibilityGlobals) = postSolution
		SolutionGuid = {59D1B3B7-144A-4368-9586-602AD1908BCF}
	EndGlobalSection
EndGlobal
